
Microsoft Visual Studio Solution File, Format Version 12.00
# Visual Studio Version 16
VisualStudioVersion = 16.0.31729.503
MinimumVisualStudioVersion = 10.0.40219.1
Project("{FAE04EC0-301F-11D3-BF4B-00C04F79EFBC}") = "Marinichev619KingIT", "Marinichev619KingIT\Marinichev619KingIT.csproj", "{9679587A-E0E6-4DEA-95A5-A20940BF5217}"
EndProject
Global
	GlobalSection(SolutionConfigurationPlatforms) = preSolution
		Debug|Any CPU = Debug|Any CPU
		Release|Any CPU = Release|Any CPU
	EndGlobalSection
	GlobalSection(ProjectConfigurationPlatforms) = postSolution
		{9679587A-E0E6-4DEA-95A5-A20940BF5217}.Debug|Any CPU.ActiveCfg = Debug|Any CPU
		{9679587A-E0E6-4DEA-95A5-A20940BF5217}.Debug|Any CPU.Build.0 = Debug|Any CPU
		{9679587A-E0E6-4DEA-95A5-A20940BF5217}.Release|Any CPU.ActiveCfg = Release|Any CPU
		{9679587A-E0E6-4DEA-95A5-A20940BF5217}.Release|Any CPU.Build.0 = Release|Any CPU
	EndGlobalSection
	GlobalSection(SolutionProperties) = preSolution
		HideSolutionNode = FALSE
	EndGlobalSection
	GlobalSection(ExtensibilityGlobals) = postSolution
		SolutionGuid = {8D8FCE7A-B92C-47EC-9674-FB45C0D7C4F3}
	EndGlobalSection
EndGlobal
